{
  "name": "auto-fixer-security-vuln",
  "version": "1.0.0",
  "lockfileVersion": 1,
  "requires": true,
  "dependencies": {
    "lodash": {
      "version": "4.17.21",
      "resolved": "https://registry.npmjs.org/lodash/-/lodash-4.17.21.tgz",
      "integrity": "sha512-v2kDE8u6u0q3yXi1C5PbSg3Vn0b0S3n3eK5B8P1rbq/5fZGLwZ5yG1JdSjGyj0gZtK4q8pG3jgiDkS9b8PC6+g=="
    }
  }
}
