{
  "name": "auto-fixer-security-vuln",
  "lockfileVersion": 3,
  "requires": true,
  "packages": {
    "": {
      "name": "auto-fixer-security-vuln",
      "license": "MIT",
      "dependencies": {
        "lodash": "^4.17.21"
      }
    },
    "node_modules/lodash": {
      "version": "4.17.21",
      "license": "MIT"
    }
  }
}
